// !$*UTF8*$!
{
	archiveVersion = 1;
	classes = {
	};
	objectVersion = 50;
	objects = {

/* Begin PBXBuildFile section */
		262370672198A51400F2E7DF /* AppDelegate.swift in Sources */ = {isa = PBXBuildFile; fileRef = 262370662198A51400F2E7DF /* AppDelegate.swift */; };
		2623706C2198A51400F2E7DF /* Main.storyboard in Resources */ = {isa = PBXBuildFile; fileRef = 2623706A2198A51400F2E7DF /* Main.storyboard */; };
		2623706F2198A51400F2E7DF /* CoreDataPractice.xcdatamodeld in Sources */ = {isa = PBXBuildFile; fileRef = 2623706D2198A51400F2E7DF /* CoreDataPractice.xcdatamodeld */; };
		262370712198A51600F2E7DF /* Assets.xcassets in Resources */ = {isa = PBXBuildFile; fileRef = 262370702198A51600F2E7DF /* Assets.xcassets */; };
		262370742198A51600F2E7DF /* LaunchScreen.storyboard in Resources */ = {isa = PBXBuildFile; fileRef = 262370722198A51600F2E7DF /* LaunchScreen.storyboard */; };
		2623707C2198AD1700F2E7DF /* Patient.swift in Sources */ = {isa = PBXBuildFile; fileRef = 2623707B2198AD1700F2E7DF /* Patient.swift */; };
		262370802199C5C000F2E7DF /* FetchedResultsTableView.swift in Sources */ = {isa = PBXBuildFile; fileRef = 2623707F2199C5C000F2E7DF /* FetchedResultsTableView.swift */; };
		262370842199D4DF00F2E7DF /* homeCell.swift in Sources */ = {isa = PBXBuildFile; fileRef = 262370822199D4DF00F2E7DF /* homeCell.swift */; };
		262370852199D4DF00F2E7DF /* homeCell.xib in Resources */ = {isa = PBXBuildFile; fileRef = 262370832199D4DF00F2E7DF /* homeCell.xib */; };
		262370872199DF7900F2E7DF /* MyHomeTableVC.swift in Sources */ = {isa = PBXBuildFile; fileRef = 262370862199DF7900F2E7DF /* MyHomeTableVC.swift */; };
/* End PBXBuildFile section */

/* Begin PBXFileReference section */
		262370632198A51400F2E7DF /* CoreDataPractice.app */ = {isa = PBXFileReference; explicitFileType = wrapper.application; includeInIndex = 0; path = CoreDataPractice.app; sourceTree = BUILT_PRODUCTS_DIR; };
		262370662198A51400F2E7DF /* AppDelegate.swift */ = {isa = PBXFileReference; lastKnownFileType = sourcecode.swift; path = AppDelegate.swift; sourceTree = "<group>"; usesTabs = 0; };
		2623706B2198A51400F2E7DF /* Base */ = {isa = PBXFileReference; lastKnownFileType = file.storyboard; name = Base; path = Base.lproj/Main.storyboard; sourceTree = "<group>"; };
		2623706E2198A51400F2E7DF /* CoreDataPractice.xcdatamodel */ = {isa = PBXFileReference; lastKnownFileType = wrapper.xcdatamodel; path = CoreDataPractice.xcdatamodel; sourceTree = "<group>"; };
		262370702198A51600F2E7DF /* Assets.xcassets */ = {isa = PBXFileReference; lastKnownFileType = folder.assetcatalog; path = Assets.xcassets; sourceTree = "<group>"; };
		262370732198A51600F2E7DF /* Base */ = {isa = PBXFileReference; lastKnownFileType = file.storyboard; name = Base; path = Base.lproj/LaunchScreen.storyboard; sourceTree = "<group>"; };
		262370752198A51600F2E7DF /* Info.plist */ = {isa = PBXFileReference; lastKnownFileType = text.plist.xml; path = Info.plist; sourceTree = "<group>"; };
		2623707B2198AD1700F2E7DF /* Patient.swift */ = {isa = PBXFileReference; lastKnownFileType = sourcecode.swift; path = Patient.swift; sourceTree = "<group>"; };
		2623707F2199C5C000F2E7DF /* FetchedResultsTableView.swift */ = {isa = PBXFileReference; lastKnownFileType = sourcecode.swift; path = FetchedResultsTableView.swift; sourceTree = "<group>"; };
		262370822199D4DF00F2E7DF /* homeCell.swift */ = {isa = PBXFileReference; lastKnownFileType = sourcecode.swift; path = homeCell.swift; sourceTree = "<group>"; };
		262370832199D4DF00F2E7DF /* homeCell.xib */ = {isa = PBXFileReference; lastKnownFileType = file.xib; path = homeCell.xib; sourceTree = "<group>"; };
		262370862199DF7900F2E7DF /* MyHomeTableVC.swift */ = {isa = PBXFileReference; lastKnownFileType = sourcecode.swift; path = MyHomeTableVC.swift; sourceTree = "<group>"; };
/* End PBXFileReference section */

/* Begin PBXFrameworksBuildPhase section */
		262370602198A51400F2E7DF /* Frameworks */ = {
			isa = PBXFrameworksBuildPhase;
			buildActionMask = 2147483647;
			files = (
			);
			runOnlyForDeploymentPostprocessing = 0;
		};
/* End PBXFrameworksBuildPhase section */

/* Begin PBXGroup section */
		2623705A2198A51400F2E7DF = {
			isa = PBXGroup;
			children = (
				262370652198A51400F2E7DF /* CoreDataPractice */,
				262370642198A51400F2E7DF /* Products */,
			);
			sourceTree = "<group>";
		};
		262370642198A51400F2E7DF /* Products */ = {
			isa = PBXGroup;
			children = (
				262370632198A51400F2E7DF /* CoreDataPractice.app */,
			);
			name = Products;
			sourceTree = "<group>";
		};
		262370652198A51400F2E7DF /* CoreDataPractice */ = {
			isa = PBXGroup;
			children = (
				262370812199D4C300F2E7DF /* homeCell */,
				262370862199DF7900F2E7DF /* MyHomeTableVC.swift */,
				2623707F2199C5C000F2E7DF /* FetchedResultsTableView.swift */,
				2623706A2198A51400F2E7DF /* Main.storyboard */,
				262370662198A51400F2E7DF /* AppDelegate.swift */,
				262370702198A51600F2E7DF /* Assets.xcassets */,
				262370722198A51600F2E7DF /* LaunchScreen.storyboard */,
				262370752198A51600F2E7DF /* Info.plist */,
				2623706D2198A51400F2E7DF /* CoreDataPractice.xcdatamodeld */,
				2623707B2198AD1700F2E7DF /* Patient.swift */,
			);
			path = CoreDataPractice;
			sourceTree = "<group>";
		};
		262370812199D4C300F2E7DF /* homeCell */ = {
			isa = PBXGroup;
			children = (
				262370822199D4DF00F2E7DF /* homeCell.swift */,
				262370832199D4DF00F2E7DF /* homeCell.xib */,
			);
			path = homeCell;
			sourceTree = "<group>";
		};
/* End PBXGroup section */

/* Begin PBXNativeTarget section */
		262370622198A51400F2E7DF /* CoreDataPractice */ = {
			isa = PBXNativeTarget;
			buildConfigurationList = 262370782198A51600F2E7DF /* Build configuration list for PBXNativeTarget "CoreDataPractice" */;
			buildPhases = (
				2623705F2198A51400F2E7DF /* Sources */,
				262370602198A51400F2E7DF /* Frameworks */,
				262370612198A51400F2E7DF /* Resources */,
			);
			buildRules = (
			);
			dependencies = (
			);
			name = CoreDataPractice;
			productName = CoreDataPractice;
			productReference = 262370632198A51400F2E7DF /* CoreDataPractice.app */;
			productType = "com.apple.product-type.application";
		};
/* End PBXNativeTarget section */

/* Begin PBXProject section */
		2623705B2198A51400F2E7DF /* Project object */ = {
			isa = PBXProject;
			attributes = {
				LastSwiftUpdateCheck = 1010;
				LastUpgradeCheck = 1010;
				ORGANIZATIONNAME = "Ahmed Eltabbal";
				TargetAttributes = {
					262370622198A51400F2E7DF = {
						CreatedOnToolsVersion = 10.1;
					};
				};
			};
			buildConfigurationList = 2623705E2198A51400F2E7DF /* Build configuration list for PBXProject "CoreDataPractice" */;
			compatibilityVersion = "Xcode 9.3";
			developmentRegion = en;
			hasScannedForEncodings = 0;
			knownRegions = (
				en,
				Base,
			);
			mainGroup = 2623705A2198A51400F2E7DF;
			productRefGroup = 262370642198A51400F2E7DF /* Products */;
			projectDirPath = "";
			projectRoot = "";
			targets = (
				262370622198A51400F2E7DF /* CoreDataPractice */,
			);
		};
/* End PBXProject section */

/* Begin PBXResourcesBuildPhase section */
		262370612198A51400F2E7DF /* Resources */ = {
			isa = PBXResourcesBuildPhase;
			buildActionMask = 2147483647;
			files = (
				262370742198A51600F2E7DF /* LaunchScreen.storyboard in Resources */,
				262370712198A51600F2E7DF /* Assets.xcassets in Resources */,
				262370852199D4DF00F2E7DF /* homeCell.xib in Resources */,
				2623706C2198A51400F2E7DF /* Main.storyboard in Resources */,
			);
			runOnlyForDeploymentPostprocessing = 0;
		};
/* End PBXResourcesBuildPhase section */

/* Begin PBXSourcesBuildPhase section */
		2623705F2198A51400F2E7DF /* Sources */ = {
			isa = PBXSourcesBuildPhase;
			buildActionMask = 2147483647;
			files = (
				2623707C2198AD1700F2E7DF /* Patient.swift in Sources */,
				262370842199D4DF00F2E7DF /* homeCell.swift in Sources */,
				2623706F2198A51400F2E7DF /* CoreDataPractice.xcdatamodeld in Sources */,
				262370672198A51400F2E7DF /* AppDelegate.swift in Sources */,
				262370872199DF7900F2E7DF /* MyHomeTableVC.swift in Sources */,
				262370802199C5C000F2E7DF /* FetchedResultsTableView.swift in Sources */,
			);
			runOnlyForDeploymentPostprocessing = 0;
		};
/* End PBXSourcesBuildPhase section */

/* Begin PBXVariantGroup section */
		2623706A2198A51400F2E7DF /* Main.storyboard */ = {
			isa = PBXVariantGroup;
			children = (
				2623706B2198A51400F2E7DF /* Base */,
			);
			name = Main.storyboard;
			sourceTree = "<group>";
		};
		262370722198A51600F2E7DF /* LaunchScreen.storyboard */ = {
			isa = PBXVariantGroup;
			children = (
				262370732198A51600F2E7DF /* Base */,
			);
			name = LaunchScreen.storyboard;
			sourceTree = "<group>";
		};
/* End PBXVariantGroup section */

/* Begin XCBuildConfiguration section */
		262370762198A51600F2E7DF /* Debug */ = {
			isa = XCBuildConfiguration;
			buildSettings = {
				ALWAYS_SEARCH_USER_PATHS = NO;
				CLANG_ANALYZER_NONNULL = YES;
				CLANG_ANALYZER_NUMBER_OBJECT_CONVERSION = YES_AGGRESSIVE;
				CLANG_CXX_LANGUAGE_STANDARD = "gnu++14";
				CLANG_CXX_LIBRARY = "libc++";
				CLANG_ENABLE_MODULES = YES;
				CLANG_ENABLE_OBJC_ARC = YES;
				CLANG_ENABLE_OBJC_WEAK = YES;
				CLANG_WARN_BLOCK_CAPTURE_AUTORELEASING = YES;
				CLANG_WARN_BOOL_CONVERSION = YES;
				CLANG_WARN_COMMA = YES;
				CLANG_WARN_CONSTANT_CONVERSION = YES;
				CLANG_WARN_DEPRECATED_OBJC_IMPLEMENTATIONS = YES;
				CLANG_WARN_DIRECT_OBJC_ISA_USAGE = YES_ERROR;
				CLANG_WARN_DOCUMENTATION_COMMENTS = YES;
				CLANG_WARN_EMPTY_BODY = YES;
				CLANG_WARN_ENUM_CONVERSION = YES;
				CLANG_WARN_INFINITE_RECURSION = YES;
				CLANG_WARN_INT_CONVERSION = YES;
				CLANG_WARN_NON_LITERAL_NULL_CONVERSION = YES;
				CLANG_WARN_OBJC_IMPLICIT_RETAIN_SELF = YES;
				CLANG_WARN_OBJC_LITERAL_CONVERSION = YES;
				CLANG_WARN_OBJC_ROOT_CLASS = YES_ERROR;
				CLANG_WARN_RANGE_LOOP_ANALYSIS = YES;
				CLANG_WARN_STRICT_PROTOTYPES = YES;
				CLANG_WARN_SUSPICIOUS_MOVE = YES;
				CLANG_WARN_UNGUARDED_AVAILABILITY = YES_AGGRESSIVE;
				CLANG_WARN_UNREACHABLE_CODE = YES;
				CLANG_WARN__DUPLICATE_METHOD_MATCH = YES;
				CODE_SIGN_IDENTITY = "iPhone Developer";
				COPY_PHASE_STRIP = NO;
				DEBUG_INFORMATION_FORMAT = dwarf;
				ENABLE_STRICT_OBJC_MSGSEND = YES;
				ENABLE_TESTABILITY = YES;
				GCC_C_LANGUAGE_STANDARD = gnu11;
				GCC_DYNAMIC_NO_PIC = NO;
				GCC_NO_COMMON_BLOCKS = YES;
				GCC_OPTIMIZATION_LEVEL = 0;
				GCC_PREPROCESSOR_DEFINITIONS = (
					"DEBUG=1",
					"$(inherited)",
				);
				GCC_WARN_64_TO_32_BIT_CONVERSION = YES;
				GCC_WARN_ABOUT_RETURN_TYPE = YES_ERROR;
				GCC_WARN_UNDECLARED_SELECTOR = YES;
				GCC_WARN_UNINITIALIZED_AUTOS = YES_AGGRESSIVE;
				GCC_WARN_UNUSED_FUNCTION = YES;
				GCC_WARN_UNUSED_VARIABLE = YES;
				IPHONEOS_DEPLOYMENT_TARGET = 12.1;
				MTL_ENABLE_DEBUG_INFO = INCLUDE_SOURCE;
				MTL_FAST_MATH = YES;
				ONLY_ACTIVE_ARCH = YES;
				SDKROOT = iphoneos;
				SWIFT_ACTIVE_COMPILATION_CONDITIONS = DEBUG;
				SWIFT_OPTIMIZATION_LEVEL = "-Onone";
			};
			name = Debug;
		};
		262370772198A51600F2E7DF /* Release */ = {
			isa = XCBuildConfiguration;
			buildSettings = {
				ALWAYS_SEARCH_USER_PATHS = NO;
				CLANG_ANALYZER_NONNULL = YES;
				CLANG_ANALYZER_NUMBER_OBJECT_CONVERSION = YES_AGGRESSIVE;
				CLANG_CXX_LANGUAGE_STANDARD = "gnu++14";
				CLANG_CXX_LIBRARY = "libc++";
				CLANG_ENABLE_MODULES = YES;
				CLANG_ENABLE_OBJC_ARC = YES;
				CLANG_ENABLE_OBJC_WEAK = YES;
				CLANG_WARN_BLOCK_CAPTURE_AUTORELEASING = YES;
				CLANG_WARN_BOOL_CONVERSION = YES;
				CLANG_WARN_COMMA = YES;
				CLANG_WARN_CONSTANT_CONVERSION = YES;
				CLANG_WARN_DEPRECATED_OBJC_IMPLEMENTATIONS = YES;
				CLANG_WARN_DIRECT_OBJC_ISA_USAGE = YES_ERROR;
				CLANG_WARN_DOCUMENTATION_COMMENTS = YES;
				CLANG_WARN_EMPTY_BODY = YES;
				CLANG_WARN_ENUM_CONVERSION = YES;
				CLANG_WARN_INFINITE_RECURSION = YES;
				CLANG_WARN_INT_CONVERSION = YES;
				CLANG_WARN_NON_LITERAL_NULL_CONVERSION = YES;
				CLANG_WARN_OBJC_IMPLICIT_RETAIN_SELF = YES;
				CLANG_WARN_OBJC_LITERAL_CONVERSION = YES;
				CLANG_WARN_OBJC_ROOT_CLASS = YES_ERROR;
				CLANG_WARN_RANGE_LOOP_ANALYSIS = YES;
				CLANG_WARN_STRICT_PROTOTYPES = YES;
				CLANG_WARN_SUSPICIOUS_MOVE = YES;
				CLANG_WARN_UNGUARDED_AVAILABILITY = YES_AGGRESSIVE;
				CLANG_WARN_UNREACHABLE_CODE = YES;
				CLANG_WARN__DUPLICATE_METHOD_MATCH = YES;
				CODE_SIGN_IDENTITY = "iPhone Developer";
				COPY_PHASE_STRIP = NO;
				DEBUG_INFORMATION_FORMAT = "dwarf-with-dsym";
				ENABLE_NS_ASSERTIONS = NO;
				ENABLE_STRICT_OBJC_MSGSEND = YES;
				GCC_C_LANGUAGE_STANDARD = gnu11;
				GCC_NO_COMMON_BLOCKS = YES;
				GCC_WARN_64_TO_32_BIT_CONVERSION = YES;
				GCC_WARN_ABOUT_RETURN_TYPE = YES_ERROR;
				GCC_WARN_UNDECLARED_SELECTOR = YES;
				GCC_WARN_UNINITIALIZED_AUTOS = YES_AGGRESSIVE;
				GCC_WARN_UNUSED_FUNCTION = YES;
				GCC_WARN_UNUSED_VARIABLE = YES;
				IPHONEOS_DEPLOYMENT_TARGET = 12.1;
				MTL_ENABLE_DEBUG_INFO = NO;
				MTL_FAST_MATH = YES;
				SDKROOT = iphoneos;
				SWIFT_COMPILATION_MODE = wholemodule;
				SWIFT_OPTIMIZATION_LEVEL = "-O";
				VALIDATE_PRODUCT = YES;
			};
			name = Release;
		};
		262370792198A51600F2E7DF /* Debug */ = {
			isa = XCBuildConfiguration;
			buildSettings = {
				ASSETCATALOG_COMPILER_APPICON_NAME = AppIcon;
				CODE_SIGN_STYLE = Automatic;
				DEVELOPMENT_TEAM = V7T6P6UM67;
				INFOPLIST_FILE = CoreDataPractice/Info.plist;
				LD_RUNPATH_SEARCH_PATHS = (
					"$(inherited)",
					"@executable_path/Frameworks",
				);
				PRODUCT_BUNDLE_IDENTIFIER = AEltabbal.CoreDataPractice;
				PRODUCT_NAME = "$(TARGET_NAME)";
				SWIFT_VERSION = 4.2;
				TARGETED_DEVICE_FAMILY = "1,2";
			};
			name = Debug;
		};
		2623707A2198A51600F2E7DF /* Release */ = {
			isa = XCBuildConfiguration;
			buildSettings = {
				ASSETCATALOG_COMPILER_APPICON_NAME = AppIcon;
				CODE_SIGN_STYLE = Automatic;
				DEVELOPMENT_TEAM = V7T6P6UM67;
				INFOPLIST_FILE = CoreDataPractice/Info.plist;
				LD_RUNPATH_SEARCH_PATHS = (
					"$(inherited)",
					"@executable_path/Frameworks",
				);
				PRODUCT_BUNDLE_IDENTIFIER = AEltabbal.CoreDataPractice;
				PRODUCT_NAME = "$(TARGET_NAME)";
				SWIFT_VERSION = 4.2;
				TARGETED_DEVICE_FAMILY = "1,2";
			};
			name = Release;
		};
/* End XCBuildConfiguration section */

/* Begin XCConfigurationList section */
		2623705E2198A51400F2E7DF /* Build configuration list for PBXProject "CoreDataPractice" */ = {
			isa = XCConfigurationList;
			buildConfigurations = (
				262370762198A51600F2E7DF /* Debug */,
				262370772198A51600F2E7DF /* Release */,
			);
			defaultConfigurationIsVisible = 0;
			defaultConfigurationName = Release;
		};
		262370782198A51600F2E7DF /* Build configuration list for PBXNativeTarget "CoreDataPractice" */ = {
			isa = XCConfigurationList;
			buildConfigurations = (
				262370792198A51600F2E7DF /* Debug */,
				2623707A2198A51600F2E7DF /* Release */,
			);
			defaultConfigurationIsVisible = 0;
			defaultConfigurationName = Release;
		};
/* End XCConfigurationList section */

/* Begin XCVersionGroup section */
		2623706D2198A51400F2E7DF /* CoreDataPractice.xcdatamodeld */ = {
			isa = XCVersionGroup;
			children = (
				2623706E2198A51400F2E7DF /* CoreDataPractice.xcdatamodel */,
			);
			currentVersion = 2623706E2198A51400F2E7DF /* CoreDataPractice.xcdatamodel */;
			path = CoreDataPractice.xcdatamodeld;
			sourceTree = "<group>";
			versionGroupType = wrapper.xcdatamodel;
		};
/* End XCVersionGroup section */
	};
	rootObject = 2623705B2198A51400F2E7DF /* Project object */;
}
